
Microsoft Visual Studio Solution File, Format Version 12.00
# Visual Studio 15
VisualStudioVersion = 15.0.28307.329
MinimumVisualStudioVersion = 10.0.40219.1
Project("{FAE04EC0-301F-11D3-BF4B-00C04F79EFBC}") = "RemoteConsole", "RemoteConsole\RemoteConsole.csproj", "{6F978F91-C4A2-43A2-9D24-2F2D9BB86721}"
EndProject
Project("{FAE04EC0-301F-11D3-BF4B-00C04F79EFBC}") = "CORE.Sapellite.Orchestrator", "CORE.Sapellite.Orchestrator\CORE.Sapellite.Orchestrator.csproj", "{D878D57E-EEDC-4B83-8D78-D3F326642209}"
EndProject
Project("{FAE04EC0-301F-11D3-BF4B-00C04F79EFBC}") = "CORE.Sapellite.Server", "CORE.Sapellite.Server\CORE.Sapellite.Server.csproj", "{0BA9A717-53B2-4475-AD63-5F15F99FBD3F}"
EndProject
Project("{FAE04EC0-301F-11D3-BF4B-00C04F79EFBC}") = "CORE.Sapellite.Client", "CORE.Sapellite.Client\CORE.Sapellite.Client.csproj", "{CFEC3B58-5929-4A87-A0F2-1C6B1F94E9F8}"
EndProject
Project("{FAE04EC0-301F-11D3-BF4B-00C04F79EFBC}") = "CORE.Saptellite.Library", "CORE.Saptellite.Library\CORE.Saptellite.Library.csproj", "{23D29875-76D3-4755-9A3C-9DFD9100008D}"
Project("{FAE04EC0-301F-11D3-BF4B-00C04F79EFBC}") = "WPF", "WPF\WPF.csproj", "{34E3C1EB-EEA4-4FAA-8439-73F934D31F3F}"
EndProject
Global
	GlobalSection(SolutionConfigurationPlatforms) = preSolution
		Debug|Any CPU = Debug|Any CPU
		Release|Any CPU = Release|Any CPU
	EndGlobalSection
	GlobalSection(ProjectConfigurationPlatforms) = postSolution
		{6F978F91-C4A2-43A2-9D24-2F2D9BB86721}.Debug|Any CPU.ActiveCfg = Debug|Any CPU
		{6F978F91-C4A2-43A2-9D24-2F2D9BB86721}.Debug|Any CPU.Build.0 = Debug|Any CPU
		{6F978F91-C4A2-43A2-9D24-2F2D9BB86721}.Release|Any CPU.ActiveCfg = Release|Any CPU
		{6F978F91-C4A2-43A2-9D24-2F2D9BB86721}.Release|Any CPU.Build.0 = Release|Any CPU
		{D878D57E-EEDC-4B83-8D78-D3F326642209}.Debug|Any CPU.ActiveCfg = Debug|Any CPU
		{D878D57E-EEDC-4B83-8D78-D3F326642209}.Debug|Any CPU.Build.0 = Debug|Any CPU
		{D878D57E-EEDC-4B83-8D78-D3F326642209}.Release|Any CPU.ActiveCfg = Release|Any CPU
		{D878D57E-EEDC-4B83-8D78-D3F326642209}.Release|Any CPU.Build.0 = Release|Any CPU
		{0BA9A717-53B2-4475-AD63-5F15F99FBD3F}.Debug|Any CPU.ActiveCfg = Debug|Any CPU
		{0BA9A717-53B2-4475-AD63-5F15F99FBD3F}.Debug|Any CPU.Build.0 = Debug|Any CPU
		{0BA9A717-53B2-4475-AD63-5F15F99FBD3F}.Release|Any CPU.ActiveCfg = Release|Any CPU
		{0BA9A717-53B2-4475-AD63-5F15F99FBD3F}.Release|Any CPU.Build.0 = Release|Any CPU
		{CFEC3B58-5929-4A87-A0F2-1C6B1F94E9F8}.Debug|Any CPU.ActiveCfg = Debug|Any CPU
		{CFEC3B58-5929-4A87-A0F2-1C6B1F94E9F8}.Debug|Any CPU.Build.0 = Debug|Any CPU
		{CFEC3B58-5929-4A87-A0F2-1C6B1F94E9F8}.Release|Any CPU.ActiveCfg = Release|Any CPU
		{CFEC3B58-5929-4A87-A0F2-1C6B1F94E9F8}.Release|Any CPU.Build.0 = Release|Any CPU
		{23D29875-76D3-4755-9A3C-9DFD9100008D}.Debug|Any CPU.ActiveCfg = Debug|Any CPU
		{23D29875-76D3-4755-9A3C-9DFD9100008D}.Debug|Any CPU.Build.0 = Debug|Any CPU
		{23D29875-76D3-4755-9A3C-9DFD9100008D}.Release|Any CPU.ActiveCfg = Release|Any CPU
		{23D29875-76D3-4755-9A3C-9DFD9100008D}.Release|Any CPU.Build.0 = Release|Any CPU
		{34E3C1EB-EEA4-4FAA-8439-73F934D31F3F}.Debug|Any CPU.ActiveCfg = Debug|Any CPU
		{34E3C1EB-EEA4-4FAA-8439-73F934D31F3F}.Debug|Any CPU.Build.0 = Debug|Any CPU
		{34E3C1EB-EEA4-4FAA-8439-73F934D31F3F}.Release|Any CPU.ActiveCfg = Release|Any CPU
		{34E3C1EB-EEA4-4FAA-8439-73F934D31F3F}.Release|Any CPU.Build.0 = Release|Any CPU
	EndGlobalSection
	GlobalSection(SolutionProperties) = preSolution
		HideSolutionNode = FALSE
	EndGlobalSection
	GlobalSection(ExtensibilityGlobals) = postSolution
		SolutionGuid = {AE54468D-C0BD-475C-BD9E-AB6E0120B7DC}
	EndGlobalSection
EndGlobal
